// !$*UTF8*$!
{
	archiveVersion = 1;
	classes = {
	};
	objectVersion = 50;
	objects = {

/* Begin PBXBuildFile section */
		D90C028823F0A6B300075577 /* UIHelper.swift in Sources */ = {isa = PBXBuildFile; fileRef = D90C028723F0A6B300075577 /* UIHelper.swift */; };
		D90C5EC823C55DBA00EADC64 /* NetworkManager.swift in Sources */ = {isa = PBXBuildFile; fileRef = D90C5EC723C55DBA00EADC64 /* NetworkManager.swift */; };
		D90C5ECB23C566DA00EADC64 /* ErrorMessage.swift in Sources */ = {isa = PBXBuildFile; fileRef = D90C5ECA23C566DA00EADC64 /* ErrorMessage.swift */; };
		D90C5ECE23C56E7F00EADC64 /* FollowerCell.swift in Sources */ = {isa = PBXBuildFile; fileRef = D90C5ECD23C56E7F00EADC64 /* FollowerCell.swift */; };
		D90C5ED023C56EEB00EADC64 /* GFAvatarImageView.swift in Sources */ = {isa = PBXBuildFile; fileRef = D90C5ECF23C56EEB00EADC64 /* GFAvatarImageView.swift */; };
		D95F267E23BBD902003C3673 /* AppDelegate.swift in Sources */ = {isa = PBXBuildFile; fileRef = D95F267D23BBD902003C3673 /* AppDelegate.swift */; };
		D95F268023BBD902003C3673 /* SceneDelegate.swift in Sources */ = {isa = PBXBuildFile; fileRef = D95F267F23BBD902003C3673 /* SceneDelegate.swift */; };
		D95F268723BBD907003C3673 /* Assets.xcassets in Resources */ = {isa = PBXBuildFile; fileRef = D95F268623BBD907003C3673 /* Assets.xcassets */; };
		D95F268A23BBD907003C3673 /* LaunchScreen.storyboard in Resources */ = {isa = PBXBuildFile; fileRef = D95F268823BBD907003C3673 /* LaunchScreen.storyboard */; };
		D95F269223BBDD8E003C3673 /* SearchViewController.swift in Sources */ = {isa = PBXBuildFile; fileRef = D95F269123BBDD8E003C3673 /* SearchViewController.swift */; };
		D95F269423BBDDBA003C3673 /* FavoritesListViewController.swift in Sources */ = {isa = PBXBuildFile; fileRef = D95F269323BBDDBA003C3673 /* FavoritesListViewController.swift */; };
		D95FCC9123F4AC1800BF41AE /* GFEmptyStateView.swift in Sources */ = {isa = PBXBuildFile; fileRef = D95FCC9023F4AC1800BF41AE /* GFEmptyStateView.swift */; };
		D95FCC9423F4BEA900BF41AE /* UserInfoViewController.swift in Sources */ = {isa = PBXBuildFile; fileRef = D95FCC9323F4BEA900BF41AE /* UserInfoViewController.swift */; };
		D96DE6F023BD2C9E00599817 /* GFButton.swift in Sources */ = {isa = PBXBuildFile; fileRef = D96DE6EF23BD2C9E00599817 /* GFButton.swift */; };
		D96DE6F223BD304A00599817 /* GFTextField.swift in Sources */ = {isa = PBXBuildFile; fileRef = D96DE6F123BD304A00599817 /* GFTextField.swift */; };
		D96DE6F423BD39EA00599817 /* FollowerListViewController.swift in Sources */ = {isa = PBXBuildFile; fileRef = D96DE6F323BD39EA00599817 /* FollowerListViewController.swift */; };
		D96DE6F623BD4A6D00599817 /* GFTitleLabel.swift in Sources */ = {isa = PBXBuildFile; fileRef = D96DE6F523BD4A6D00599817 /* GFTitleLabel.swift */; };
		D96DE6F823BD4BBC00599817 /* GFBodyLabel.swift in Sources */ = {isa = PBXBuildFile; fileRef = D96DE6F723BD4BBC00599817 /* GFBodyLabel.swift */; };
		D96DE6FA23BD4C9200599817 /* GFAlertViewController.swift in Sources */ = {isa = PBXBuildFile; fileRef = D96DE6F923BD4C9200599817 /* GFAlertViewController.swift */; };
		D96DE6FC23BD524000599817 /* UIViewController+Ext.swift in Sources */ = {isa = PBXBuildFile; fileRef = D96DE6FB23BD524000599817 /* UIViewController+Ext.swift */; };
		D96DE70223BD562A00599817 /* GFAlertContainer.swift in Sources */ = {isa = PBXBuildFile; fileRef = D96DE70123BD562A00599817 /* GFAlertContainer.swift */; };
		D97D6BDE23BD8D9200AB61EC /* Follower.swift in Sources */ = {isa = PBXBuildFile; fileRef = D97D6BDD23BD8D9200AB61EC /* Follower.swift */; };
		D97D6BE023BD8E5200AB61EC /* User.swift in Sources */ = {isa = PBXBuildFile; fileRef = D97D6BDF23BD8E5200AB61EC /* User.swift */; };
		D9A6F96923F5DFD600C5FF33 /* GFUserInfoHeaderViewController.swift in Sources */ = {isa = PBXBuildFile; fileRef = D9A6F96823F5DFD600C5FF33 /* GFUserInfoHeaderViewController.swift */; };
		D9A6F96B23F5E03600C5FF33 /* GFSecondaryTitleLabel.swift in Sources */ = {isa = PBXBuildFile; fileRef = D9A6F96A23F5E03600C5FF33 /* GFSecondaryTitleLabel.swift */; };
		D9A6F96D23F5E67400C5FF33 /* Constants.swift in Sources */ = {isa = PBXBuildFile; fileRef = D9A6F96C23F5E67400C5FF33 /* Constants.swift */; };
		D9A6F96F23F5EFBE00C5FF33 /* GFItemInfoView.swift in Sources */ = {isa = PBXBuildFile; fileRef = D9A6F96E23F5EFBE00C5FF33 /* GFItemInfoView.swift */; };
/* End PBXBuildFile section */

/* Begin PBXFileReference section */
		D90C028723F0A6B300075577 /* UIHelper.swift */ = {isa = PBXFileReference; lastKnownFileType = sourcecode.swift; path = UIHelper.swift; sourceTree = "<group>"; };
		D90C5EC723C55DBA00EADC64 /* NetworkManager.swift */ = {isa = PBXFileReference; lastKnownFileType = sourcecode.swift; path = NetworkManager.swift; sourceTree = "<group>"; };
		D90C5ECA23C566DA00EADC64 /* ErrorMessage.swift */ = {isa = PBXFileReference; lastKnownFileType = sourcecode.swift; path = ErrorMessage.swift; sourceTree = "<group>"; };
		D90C5ECD23C56E7F00EADC64 /* FollowerCell.swift */ = {isa = PBXFileReference; lastKnownFileType = sourcecode.swift; path = FollowerCell.swift; sourceTree = "<group>"; };
		D90C5ECF23C56EEB00EADC64 /* GFAvatarImageView.swift */ = {isa = PBXFileReference; lastKnownFileType = sourcecode.swift; path = GFAvatarImageView.swift; sourceTree = "<group>"; };
		D95F267A23BBD902003C3673 /* gitHubFollowers.app */ = {isa = PBXFileReference; explicitFileType = wrapper.application; includeInIndex = 0; path = gitHubFollowers.app; sourceTree = BUILT_PRODUCTS_DIR; };
		D95F267D23BBD902003C3673 /* AppDelegate.swift */ = {isa = PBXFileReference; lastKnownFileType = sourcecode.swift; path = AppDelegate.swift; sourceTree = "<group>"; };
		D95F267F23BBD902003C3673 /* SceneDelegate.swift */ = {isa = PBXFileReference; lastKnownFileType = sourcecode.swift; path = SceneDelegate.swift; sourceTree = "<group>"; };
		D95F268623BBD907003C3673 /* Assets.xcassets */ = {isa = PBXFileReference; lastKnownFileType = folder.assetcatalog; path = Assets.xcassets; sourceTree = "<group>"; };
		D95F268923BBD907003C3673 /* Base */ = {isa = PBXFileReference; lastKnownFileType = file.storyboard; name = Base; path = Base.lproj/LaunchScreen.storyboard; sourceTree = "<group>"; };
		D95F268B23BBD907003C3673 /* Info.plist */ = {isa = PBXFileReference; lastKnownFileType = text.plist.xml; path = Info.plist; sourceTree = "<group>"; };
		D95F269123BBDD8E003C3673 /* SearchViewController.swift */ = {isa = PBXFileReference; lastKnownFileType = sourcecode.swift; path = SearchViewController.swift; sourceTree = "<group>"; };
		D95F269323BBDDBA003C3673 /* FavoritesListViewController.swift */ = {isa = PBXFileReference; lastKnownFileType = sourcecode.swift; path = FavoritesListViewController.swift; sourceTree = "<group>"; };
		D95FCC9023F4AC1800BF41AE /* GFEmptyStateView.swift */ = {isa = PBXFileReference; lastKnownFileType = sourcecode.swift; path = GFEmptyStateView.swift; sourceTree = "<group>"; };
		D95FCC9323F4BEA900BF41AE /* UserInfoViewController.swift */ = {isa = PBXFileReference; lastKnownFileType = sourcecode.swift; path = UserInfoViewController.swift; sourceTree = "<group>"; };
		D96DE6EF23BD2C9E00599817 /* GFButton.swift */ = {isa = PBXFileReference; lastKnownFileType = sourcecode.swift; path = GFButton.swift; sourceTree = "<group>"; };
		D96DE6F123BD304A00599817 /* GFTextField.swift */ = {isa = PBXFileReference; lastKnownFileType = sourcecode.swift; path = GFTextField.swift; sourceTree = "<group>"; };
		D96DE6F323BD39EA00599817 /* FollowerListViewController.swift */ = {isa = PBXFileReference; lastKnownFileType = sourcecode.swift; path = FollowerListViewController.swift; sourceTree = "<group>"; };
		D96DE6F523BD4A6D00599817 /* GFTitleLabel.swift */ = {isa = PBXFileReference; lastKnownFileType = sourcecode.swift; path = GFTitleLabel.swift; sourceTree = "<group>"; };
		D96DE6F723BD4BBC00599817 /* GFBodyLabel.swift */ = {isa = PBXFileReference; lastKnownFileType = sourcecode.swift; path = GFBodyLabel.swift; sourceTree = "<group>"; };
		D96DE6F923BD4C9200599817 /* GFAlertViewController.swift */ = {isa = PBXFileReference; lastKnownFileType = sourcecode.swift; path = GFAlertViewController.swift; sourceTree = "<group>"; };
		D96DE6FB23BD524000599817 /* UIViewController+Ext.swift */ = {isa = PBXFileReference; lastKnownFileType = sourcecode.swift; path = "UIViewController+Ext.swift"; sourceTree = "<group>"; };
		D96DE70123BD562A00599817 /* GFAlertContainer.swift */ = {isa = PBXFileReference; lastKnownFileType = sourcecode.swift; path = GFAlertContainer.swift; sourceTree = "<group>"; };
		D97D6BDD23BD8D9200AB61EC /* Follower.swift */ = {isa = PBXFileReference; lastKnownFileType = sourcecode.swift; path = Follower.swift; sourceTree = "<group>"; };
		D97D6BDF23BD8E5200AB61EC /* User.swift */ = {isa = PBXFileReference; lastKnownFileType = sourcecode.swift; path = User.swift; sourceTree = "<group>"; };
		D9A6F96823F5DFD600C5FF33 /* GFUserInfoHeaderViewController.swift */ = {isa = PBXFileReference; lastKnownFileType = sourcecode.swift; path = GFUserInfoHeaderViewController.swift; sourceTree = "<group>"; };
		D9A6F96A23F5E03600C5FF33 /* GFSecondaryTitleLabel.swift */ = {isa = PBXFileReference; lastKnownFileType = sourcecode.swift; path = GFSecondaryTitleLabel.swift; sourceTree = "<group>"; };
		D9A6F96C23F5E67400C5FF33 /* Constants.swift */ = {isa = PBXFileReference; lastKnownFileType = sourcecode.swift; path = Constants.swift; sourceTree = "<group>"; };
		D9A6F96E23F5EFBE00C5FF33 /* GFItemInfoView.swift */ = {isa = PBXFileReference; lastKnownFileType = sourcecode.swift; path = GFItemInfoView.swift; sourceTree = "<group>"; };
/* End PBXFileReference section */

/* Begin PBXFrameworksBuildPhase section */
		D95F267723BBD902003C3673 /* Frameworks */ = {
			isa = PBXFrameworksBuildPhase;
			buildActionMask = 2147483647;
			files = (
			);
			runOnlyForDeploymentPostprocessing = 0;
		};
/* End PBXFrameworksBuildPhase section */

/* Begin PBXGroup section */
		D90C5EC623C55DA400EADC64 /* Managers */ = {
			isa = PBXGroup;
			children = (
				D90C5EC723C55DBA00EADC64 /* NetworkManager.swift */,
			);
			path = Managers;
			sourceTree = "<group>";
		};
		D90C5EC923C566C800EADC64 /* Utilities */ = {
			isa = PBXGroup;
			children = (
				D90C5ECA23C566DA00EADC64 /* ErrorMessage.swift */,
				D90C028723F0A6B300075577 /* UIHelper.swift */,
				D9A6F96C23F5E67400C5FF33 /* Constants.swift */,
			);
			path = Utilities;
			sourceTree = "<group>";
		};
		D90C5ECC23C56E5600EADC64 /* Cells */ = {
			isa = PBXGroup;
			children = (
				D90C5ECD23C56E7F00EADC64 /* FollowerCell.swift */,
			);
			path = Cells;
			sourceTree = "<group>";
		};
		D95F267123BBD902003C3673 = {
			isa = PBXGroup;
			children = (
				D95F267C23BBD902003C3673 /* gitHubFollowers */,
				D95F268B23BBD907003C3673 /* Info.plist */,
				D95F267B23BBD902003C3673 /* Products */,
			);
			sourceTree = "<group>";
		};
		D95F267B23BBD902003C3673 /* Products */ = {
			isa = PBXGroup;
			children = (
				D95F267A23BBD902003C3673 /* gitHubFollowers.app */,
			);
			name = Products;
			sourceTree = "<group>";
		};
		D95F267C23BBD902003C3673 /* gitHubFollowers */ = {
			isa = PBXGroup;
			children = (
				D90C5EC923C566C800EADC64 /* Utilities */,
				D90C5EC623C55DA400EADC64 /* Managers */,
				D96DE70023BD54F000599817 /* Support */,
				D97D6BDC23BD8CA600AB61EC /* Models */,
				D96DE6FF23BD548F00599817 /* Extensions */,
				D96DE6FE23BD545900599817 /* Views */,
				D96DE6FD23BD542A00599817 /* Controllers */,
			);
			path = gitHubFollowers;
			sourceTree = "<group>";
		};
		D95FCC8C23F4AB3100BF41AE /* Buttons */ = {
			isa = PBXGroup;
			children = (
				D96DE6EF23BD2C9E00599817 /* GFButton.swift */,
			);
			path = Buttons;
			sourceTree = "<group>";
		};
		D95FCC8D23F4AB4000BF41AE /* TextFields */ = {
			isa = PBXGroup;
			children = (
				D96DE6F123BD304A00599817 /* GFTextField.swift */,
			);
			path = TextFields;
			sourceTree = "<group>";
		};
		D95FCC8E23F4AB5100BF41AE /* Labels */ = {
			isa = PBXGroup;
			children = (
				D96DE6F523BD4A6D00599817 /* GFTitleLabel.swift */,
				D96DE6F723BD4BBC00599817 /* GFBodyLabel.swift */,
				D9A6F96A23F5E03600C5FF33 /* GFSecondaryTitleLabel.swift */,
			);
			path = Labels;
			sourceTree = "<group>";
		};
		D95FCC8F23F4AB6100BF41AE /* ImageViews */ = {
			isa = PBXGroup;
			children = (
				D90C5ECF23C56EEB00EADC64 /* GFAvatarImageView.swift */,
			);
			path = ImageViews;
			sourceTree = "<group>";
		};
		D95FCC9223F4BE8400BF41AE /* Alerts */ = {
			isa = PBXGroup;
			children = (
				D96DE6F923BD4C9200599817 /* GFAlertViewController.swift */,
			);
			path = Alerts;
			sourceTree = "<group>";
		};
		D96DE6FD23BD542A00599817 /* Controllers */ = {
			isa = PBXGroup;
			children = (
				D95FCC9323F4BEA900BF41AE /* UserInfoViewController.swift */,
				D95F269123BBDD8E003C3673 /* SearchViewController.swift */,
				D95F269323BBDDBA003C3673 /* FavoritesListViewController.swift */,
				D96DE6F323BD39EA00599817 /* FollowerListViewController.swift */,
				D9A6F96823F5DFD600C5FF33 /* GFUserInfoHeaderViewController.swift */,
			);
			path = Controllers;
			sourceTree = "<group>";
		};
		D96DE6FE23BD545900599817 /* Views */ = {
			isa = PBXGroup;
			children = (
				D9A6F96E23F5EFBE00C5FF33 /* GFItemInfoView.swift */,
				D96DE70123BD562A00599817 /* GFAlertContainer.swift */,
				D95FCC9023F4AC1800BF41AE /* GFEmptyStateView.swift */,
				D95FCC9223F4BE8400BF41AE /* Alerts */,
				D95FCC8F23F4AB6100BF41AE /* ImageViews */,
				D95FCC8E23F4AB5100BF41AE /* Labels */,
				D95FCC8D23F4AB4000BF41AE /* TextFields */,
				D95FCC8C23F4AB3100BF41AE /* Buttons */,
				D90C5ECC23C56E5600EADC64 /* Cells */,
			);
			path = Views;
			sourceTree = "<group>";
		};
		D96DE6FF23BD548F00599817 /* Extensions */ = {
			isa = PBXGroup;
			children = (
				D96DE6FB23BD524000599817 /* UIViewController+Ext.swift */,
			);
			path = Extensions;
			sourceTree = "<group>";
		};
		D96DE70023BD54F000599817 /* Support */ = {
			isa = PBXGroup;
			children = (
				D95F267D23BBD902003C3673 /* AppDelegate.swift */,
				D95F267F23BBD902003C3673 /* SceneDelegate.swift */,
				D95F268623BBD907003C3673 /* Assets.xcassets */,
				D95F268823BBD907003C3673 /* LaunchScreen.storyboard */,
			);
			path = Support;
			sourceTree = "<group>";
		};
		D97D6BDC23BD8CA600AB61EC /* Models */ = {
			isa = PBXGroup;
			children = (
				D97D6BDD23BD8D9200AB61EC /* Follower.swift */,
				D97D6BDF23BD8E5200AB61EC /* User.swift */,
			);
			path = Models;
			sourceTree = "<group>";
		};
/* End PBXGroup section */

/* Begin PBXNativeTarget section */
		D95F267923BBD902003C3673 /* gitHubFollowers */ = {
			isa = PBXNativeTarget;
			buildConfigurationList = D95F268E23BBD907003C3673 /* Build configuration list for PBXNativeTarget "gitHubFollowers" */;
			buildPhases = (
				D95F267623BBD902003C3673 /* Sources */,
				D95F267723BBD902003C3673 /* Frameworks */,
				D95F267823BBD902003C3673 /* Resources */,
			);
			buildRules = (
			);
			dependencies = (
			);
			name = gitHubFollowers;
			productName = gitHubFollowers;
			productReference = D95F267A23BBD902003C3673 /* gitHubFollowers.app */;
			productType = "com.apple.product-type.application";
		};
/* End PBXNativeTarget section */

/* Begin PBXProject section */
		D95F267223BBD902003C3673 /* Project object */ = {
			isa = PBXProject;
			attributes = {
				LastSwiftUpdateCheck = 1130;
				LastUpgradeCheck = 1130;
				ORGANIZATIONNAME = "Austin Tooley";
				TargetAttributes = {
					D95F267923BBD902003C3673 = {
						CreatedOnToolsVersion = 11.3;
					};
				};
			};
			buildConfigurationList = D95F267523BBD902003C3673 /* Build configuration list for PBXProject "gitHubFollowers" */;
			compatibilityVersion = "Xcode 9.3";
			developmentRegion = en;
			hasScannedForEncodings = 0;
			knownRegions = (
				en,
				Base,
			);
			mainGroup = D95F267123BBD902003C3673;
			productRefGroup = D95F267B23BBD902003C3673 /* Products */;
			projectDirPath = "";
			projectRoot = "";
			targets = (
				D95F267923BBD902003C3673 /* gitHubFollowers */,
			);
		};
/* End PBXProject section */

/* Begin PBXResourcesBuildPhase section */
		D95F267823BBD902003C3673 /* Resources */ = {
			isa = PBXResourcesBuildPhase;
			buildActionMask = 2147483647;
			files = (
				D95F268A23BBD907003C3673 /* LaunchScreen.storyboard in Resources */,
				D95F268723BBD907003C3673 /* Assets.xcassets in Resources */,
			);
			runOnlyForDeploymentPostprocessing = 0;
		};
/* End PBXResourcesBuildPhase section */

/* Begin PBXSourcesBuildPhase section */
		D95F267623BBD902003C3673 /* Sources */ = {
			isa = PBXSourcesBuildPhase;
			buildActionMask = 2147483647;
			files = (
				D96DE6FA23BD4C9200599817 /* GFAlertViewController.swift in Sources */,
				D95FCC9423F4BEA900BF41AE /* UserInfoViewController.swift in Sources */,
				D96DE6FC23BD524000599817 /* UIViewController+Ext.swift in Sources */,
				D96DE6F223BD304A00599817 /* GFTextField.swift in Sources */,
				D95F269223BBDD8E003C3673 /* SearchViewController.swift in Sources */,
				D96DE6F023BD2C9E00599817 /* GFButton.swift in Sources */,
				D95FCC9123F4AC1800BF41AE /* GFEmptyStateView.swift in Sources */,
				D9A6F96B23F5E03600C5FF33 /* GFSecondaryTitleLabel.swift in Sources */,
				D96DE6F423BD39EA00599817 /* FollowerListViewController.swift in Sources */,
				D97D6BE023BD8E5200AB61EC /* User.swift in Sources */,
				D90C5ECE23C56E7F00EADC64 /* FollowerCell.swift in Sources */,
				D90C5ED023C56EEB00EADC64 /* GFAvatarImageView.swift in Sources */,
				D96DE6F623BD4A6D00599817 /* GFTitleLabel.swift in Sources */,
				D97D6BDE23BD8D9200AB61EC /* Follower.swift in Sources */,
				D95F267E23BBD902003C3673 /* AppDelegate.swift in Sources */,
				D96DE6F823BD4BBC00599817 /* GFBodyLabel.swift in Sources */,
				D96DE70223BD562A00599817 /* GFAlertContainer.swift in Sources */,
				D90C5ECB23C566DA00EADC64 /* ErrorMessage.swift in Sources */,
				D90C028823F0A6B300075577 /* UIHelper.swift in Sources */,
				D90C5EC823C55DBA00EADC64 /* NetworkManager.swift in Sources */,
				D95F269423BBDDBA003C3673 /* FavoritesListViewController.swift in Sources */,
				D95F268023BBD902003C3673 /* SceneDelegate.swift in Sources */,
				D9A6F96F23F5EFBE00C5FF33 /* GFItemInfoView.swift in Sources */,
				D9A6F96923F5DFD600C5FF33 /* GFUserInfoHeaderViewController.swift in Sources */,
				D9A6F96D23F5E67400C5FF33 /* Constants.swift in Sources */,
			);
			runOnlyForDeploymentPostprocessing = 0;
		};
/* End PBXSourcesBuildPhase section */

/* Begin PBXVariantGroup section */
		D95F268823BBD907003C3673 /* LaunchScreen.storyboard */ = {
			isa = PBXVariantGroup;
			children = (
				D95F268923BBD907003C3673 /* Base */,
			);
			name = LaunchScreen.storyboard;
			sourceTree = "<group>";
		};
/* End PBXVariantGroup section */

/* Begin XCBuildConfiguration section */
		D95F268C23BBD907003C3673 /* Debug */ = {
			isa = XCBuildConfiguration;
			buildSettings = {
				ALWAYS_SEARCH_USER_PATHS = NO;
				CLANG_ANALYZER_NONNULL = YES;
				CLANG_ANALYZER_NUMBER_OBJECT_CONVERSION = YES_AGGRESSIVE;
				CLANG_CXX_LANGUAGE_STANDARD = "gnu++14";
				CLANG_CXX_LIBRARY = "libc++";
				CLANG_ENABLE_MODULES = YES;
				CLANG_ENABLE_OBJC_ARC = YES;
				CLANG_ENABLE_OBJC_WEAK = YES;
				CLANG_WARN_BLOCK_CAPTURE_AUTORELEASING = YES;
				CLANG_WARN_BOOL_CONVERSION = YES;
				CLANG_WARN_COMMA = YES;
				CLANG_WARN_CONSTANT_CONVERSION = YES;
				CLANG_WARN_DEPRECATED_OBJC_IMPLEMENTATIONS = YES;
				CLANG_WARN_DIRECT_OBJC_ISA_USAGE = YES_ERROR;
				CLANG_WARN_DOCUMENTATION_COMMENTS = YES;
				CLANG_WARN_EMPTY_BODY = YES;
				CLANG_WARN_ENUM_CONVERSION = YES;
				CLANG_WARN_INFINITE_RECURSION = YES;
				CLANG_WARN_INT_CONVERSION = YES;
				CLANG_WARN_NON_LITERAL_NULL_CONVERSION = YES;
				CLANG_WARN_OBJC_IMPLICIT_RETAIN_SELF = YES;
				CLANG_WARN_OBJC_LITERAL_CONVERSION = YES;
				CLANG_WARN_OBJC_ROOT_CLASS = YES_ERROR;
				CLANG_WARN_RANGE_LOOP_ANALYSIS = YES;
				CLANG_WARN_STRICT_PROTOTYPES = YES;
				CLANG_WARN_SUSPICIOUS_MOVE = YES;
				CLANG_WARN_UNGUARDED_AVAILABILITY = YES_AGGRESSIVE;
				CLANG_WARN_UNREACHABLE_CODE = YES;
				CLANG_WARN__DUPLICATE_METHOD_MATCH = YES;
				COPY_PHASE_STRIP = NO;
				DEBUG_INFORMATION_FORMAT = dwarf;
				ENABLE_STRICT_OBJC_MSGSEND = YES;
				ENABLE_TESTABILITY = YES;
				GCC_C_LANGUAGE_STANDARD = gnu11;
				GCC_DYNAMIC_NO_PIC = NO;
				GCC_NO_COMMON_BLOCKS = YES;
				GCC_OPTIMIZATION_LEVEL = 0;
				GCC_PREPROCESSOR_DEFINITIONS = (
					"DEBUG=1",
					"$(inherited)",
				);
				GCC_WARN_64_TO_32_BIT_CONVERSION = YES;
				GCC_WARN_ABOUT_RETURN_TYPE = YES_ERROR;
				GCC_WARN_UNDECLARED_SELECTOR = YES;
				GCC_WARN_UNINITIALIZED_AUTOS = YES_AGGRESSIVE;
				GCC_WARN_UNUSED_FUNCTION = YES;
				GCC_WARN_UNUSED_VARIABLE = YES;
				IPHONEOS_DEPLOYMENT_TARGET = 13.2;
				MTL_ENABLE_DEBUG_INFO = INCLUDE_SOURCE;
				MTL_FAST_MATH = YES;
				ONLY_ACTIVE_ARCH = YES;
				SDKROOT = iphoneos;
				SWIFT_ACTIVE_COMPILATION_CONDITIONS = DEBUG;
				SWIFT_OPTIMIZATION_LEVEL = "-Onone";
			};
			name = Debug;
		};
		D95F268D23BBD907003C3673 /* Release */ = {
			isa = XCBuildConfiguration;
			buildSettings = {
				ALWAYS_SEARCH_USER_PATHS = NO;
				CLANG_ANALYZER_NONNULL = YES;
				CLANG_ANALYZER_NUMBER_OBJECT_CONVERSION = YES_AGGRESSIVE;
				CLANG_CXX_LANGUAGE_STANDARD = "gnu++14";
				CLANG_CXX_LIBRARY = "libc++";
				CLANG_ENABLE_MODULES = YES;
				CLANG_ENABLE_OBJC_ARC = YES;
				CLANG_ENABLE_OBJC_WEAK = YES;
				CLANG_WARN_BLOCK_CAPTURE_AUTORELEASING = YES;
				CLANG_WARN_BOOL_CONVERSION = YES;
				CLANG_WARN_COMMA = YES;
				CLANG_WARN_CONSTANT_CONVERSION = YES;
				CLANG_WARN_DEPRECATED_OBJC_IMPLEMENTATIONS = YES;
				CLANG_WARN_DIRECT_OBJC_ISA_USAGE = YES_ERROR;
				CLANG_WARN_DOCUMENTATION_COMMENTS = YES;
				CLANG_WARN_EMPTY_BODY = YES;
				CLANG_WARN_ENUM_CONVERSION = YES;
				CLANG_WARN_INFINITE_RECURSION = YES;
				CLANG_WARN_INT_CONVERSION = YES;
				CLANG_WARN_NON_LITERAL_NULL_CONVERSION = YES;
				CLANG_WARN_OBJC_IMPLICIT_RETAIN_SELF = YES;
				CLANG_WARN_OBJC_LITERAL_CONVERSION = YES;
				CLANG_WARN_OBJC_ROOT_CLASS = YES_ERROR;
				CLANG_WARN_RANGE_LOOP_ANALYSIS = YES;
				CLANG_WARN_STRICT_PROTOTYPES = YES;
				CLANG_WARN_SUSPICIOUS_MOVE = YES;
				CLANG_WARN_UNGUARDED_AVAILABILITY = YES_AGGRESSIVE;
				CLANG_WARN_UNREACHABLE_CODE = YES;
				CLANG_WARN__DUPLICATE_METHOD_MATCH = YES;
				COPY_PHASE_STRIP = NO;
				DEBUG_INFORMATION_FORMAT = "dwarf-with-dsym";
				ENABLE_NS_ASSERTIONS = NO;
				ENABLE_STRICT_OBJC_MSGSEND = YES;
				GCC_C_LANGUAGE_STANDARD = gnu11;
				GCC_NO_COMMON_BLOCKS = YES;
				GCC_WARN_64_TO_32_BIT_CONVERSION = YES;
				GCC_WARN_ABOUT_RETURN_TYPE = YES_ERROR;
				GCC_WARN_UNDECLARED_SELECTOR = YES;
				GCC_WARN_UNINITIALIZED_AUTOS = YES_AGGRESSIVE;
				GCC_WARN_UNUSED_FUNCTION = YES;
				GCC_WARN_UNUSED_VARIABLE = YES;
				IPHONEOS_DEPLOYMENT_TARGET = 13.2;
				MTL_ENABLE_DEBUG_INFO = NO;
				MTL_FAST_MATH = YES;
				SDKROOT = iphoneos;
				SWIFT_COMPILATION_MODE = wholemodule;
				SWIFT_OPTIMIZATION_LEVEL = "-O";
				VALIDATE_PRODUCT = YES;
			};
			name = Release;
		};
		D95F268F23BBD907003C3673 /* Debug */ = {
			isa = XCBuildConfiguration;
			buildSettings = {
				ASSETCATALOG_COMPILER_APPICON_NAME = AppIcon;
				CODE_SIGN_STYLE = Automatic;
				DEVELOPMENT_TEAM = 5WNNJW9ZPQ;
				INFOPLIST_FILE = "$(SRCROOT)/Info.plist";
				LD_RUNPATH_SEARCH_PATHS = (
					"$(inherited)",
					"@executable_path/Frameworks",
				);
				PRODUCT_BUNDLE_IDENTIFIER = com.tooley.gitHubFollowers;
				PRODUCT_NAME = "$(TARGET_NAME)";
				SWIFT_VERSION = 5.0;
				TARGETED_DEVICE_FAMILY = 1;
			};
			name = Debug;
		};
		D95F269023BBD907003C3673 /* Release */ = {
			isa = XCBuildConfiguration;
			buildSettings = {
				ASSETCATALOG_COMPILER_APPICON_NAME = AppIcon;
				CODE_SIGN_STYLE = Automatic;
				DEVELOPMENT_TEAM = 5WNNJW9ZPQ;
				INFOPLIST_FILE = "$(SRCROOT)/Info.plist";
				LD_RUNPATH_SEARCH_PATHS = (
					"$(inherited)",
					"@executable_path/Frameworks",
				);
				PRODUCT_BUNDLE_IDENTIFIER = com.tooley.gitHubFollowers;
				PRODUCT_NAME = "$(TARGET_NAME)";
				SWIFT_VERSION = 5.0;
				TARGETED_DEVICE_FAMILY = 1;
			};
			name = Release;
		};
/* End XCBuildConfiguration section */

/* Begin XCConfigurationList section */
		D95F267523BBD902003C3673 /* Build configuration list for PBXProject "gitHubFollowers" */ = {
			isa = XCConfigurationList;
			buildConfigurations = (
				D95F268C23BBD907003C3673 /* Debug */,
				D95F268D23BBD907003C3673 /* Release */,
			);
			defaultConfigurationIsVisible = 0;
			defaultConfigurationName = Release;
		};
		D95F268E23BBD907003C3673 /* Build configuration list for PBXNativeTarget "gitHubFollowers" */ = {
			isa = XCConfigurationList;
			buildConfigurations = (
				D95F268F23BBD907003C3673 /* Debug */,
				D95F269023BBD907003C3673 /* Release */,
			);
			defaultConfigurationIsVisible = 0;
			defaultConfigurationName = Release;
		};
/* End XCConfigurationList section */
	};
	rootObject = D95F267223BBD902003C3673 /* Project object */;
}
